Microsoft Visual Studio Solution File, Format Version 12.00
# Visual Studio Version 17
VisualStudioVersion = 17.5.2.0
MinimumVisualStudioVersion = 10.0.40219.1
Project("{FAE04EC0-301F-11D3-BF4B-00C04F79EFBC}") = "Luckerryy", "Luckerryy.csproj", "{6A939088-46AD-2502-634B-5CB8D22ABE97}"
EndProject
Global
	GlobalSection(SolutionConfigurationPlatforms) = preSolution
		Debug|Any CPU = Debug|Any CPU
		Release|Any CPU = Release|Any CPU
	EndGlobalSection
	GlobalSection(ProjectConfigurationPlatforms) = postSolution
		{6A939088-46AD-2502-634B-5CB8D22ABE97}.Debug|Any CPU.ActiveCfg = Debug|Any CPU
		{6A939088-46AD-2502-634B-5CB8D22ABE97}.Debug|Any CPU.Build.0 = Debug|Any CPU
		{6A939088-46AD-2502-634B-5CB8D22ABE97}.Release|Any CPU.ActiveCfg = Release|Any CPU
		{6A939088-46AD-2502-634B-5CB8D22ABE97}.Release|Any CPU.Build.0 = Release|Any CPU
	EndGlobalSection
	GlobalSection(SolutionProperties) = preSolution
		HideSolutionNode = FALSE
	EndGlobalSection
	GlobalSection(ExtensibilityGlobals) = postSolution
		SolutionGuid = {93DA6635-C8F4-499D-A902-E069CEF6CAE2}
	EndGlobalSection
EndGlobal
